// !$*UTF8*$!
{
	archiveVersion = 1;
	classes = {
	};
	objectVersion = 60;
	objects = {

/* Begin PBXBuildFile section */
		3C1B95BD2FD181C000E5108E /* PurseSecureFields in Frameworks */ = {isa = PBXBuildFile; productRef = 3C1B95BC2FD181C000E5108E /* PurseSecureFields */; };
		AA00000000000000000001 /* AppDelegate.swift in Sources */ = {isa = PBXBuildFile; fileRef = AA00000000000000000002 /* AppDelegate.swift */; };
		AA00000000000000000003 /* DemoViewController.swift in Sources */ = {isa = PBXBuildFile; fileRef = AA00000000000000000004 /* DemoViewController.swift */; };
		AA0000000000000000002B /* DemoViewController+Layout.swift in Sources */ = {isa = PBXBuildFile; fileRef = AA0000000000000000002A /* DemoViewController+Layout.swift */; };
		AA0000000000000000002D /* DemoViewController+Delegate.swift in Sources */ = {isa = PBXBuildFile; fileRef = AA0000000000000000002C /* DemoViewController+Delegate.swift */; };
		AA00000000000000000032 /* DemoIntegrationTests.swift in Sources */ = {isa = PBXBuildFile; fileRef = AA00000000000000000031 /* DemoIntegrationTests.swift */; };
		AA0000000000000000003B /* PurseSecureFields in Frameworks */ = {isa = PBXBuildFile; productRef = AA0000000000000000003A /* PurseSecureFields */; };
/* End PBXBuildFile section */

/* Begin PBXFileReference section */
		AA00000000000000000002 /* AppDelegate.swift */ = {isa = PBXFileReference; lastKnownFileType = sourcecode.swift; path = AppDelegate.swift; sourceTree = "<group>"; };
		AA00000000000000000004 /* DemoViewController.swift */ = {isa = PBXFileReference; lastKnownFileType = sourcecode.swift; path = DemoViewController.swift; sourceTree = "<group>"; };
		AA0000000000000000000A /* Demo.app */ = {isa = PBXFileReference; explicitFileType = wrapper.application; includeInIndex = 0; path = Demo.app; sourceTree = BUILT_PRODUCTS_DIR; };
		AA0000000000000000000B /* Info.plist */ = {isa = PBXFileReference; lastKnownFileType = text.plist.xml; path = Info.plist; sourceTree = "<group>"; };
		AA0000000000000000002A /* DemoViewController+Layout.swift */ = {isa = PBXFileReference; lastKnownFileType = sourcecode.swift; path = "DemoViewController+Layout.swift"; sourceTree = "<group>"; };
		AA0000000000000000002C /* DemoViewController+Delegate.swift */ = {isa = PBXFileReference; lastKnownFileType = sourcecode.swift; path = "DemoViewController+Delegate.swift"; sourceTree = "<group>"; };
		AA00000000000000000031 /* DemoIntegrationTests.swift */ = {isa = PBXFileReference; lastKnownFileType = sourcecode.swift; path = DemoIntegrationTests.swift; sourceTree = "<group>"; };
		AA00000000000000000036 /* DemoTests.xctest */ = {isa = PBXFileReference; explicitFileType = wrapper.cfbundle; includeInIndex = 0; path = DemoTests.xctest; sourceTree = BUILT_PRODUCTS_DIR; };
/* End PBXFileReference section */

/* Begin PBXFrameworksBuildPhase section */
		AA0000000000000000000C /* Frameworks */ = {
			isa = PBXFrameworksBuildPhase;
			buildActionMask = 2147483647;
			files = (
				3C1B95BD2FD181C000E5108E /* PurseSecureFields in Frameworks */,
			);
			runOnlyForDeploymentPostprocessing = 0;
		};
		AA00000000000000000035 /* Frameworks */ = {
			isa = PBXFrameworksBuildPhase;
			buildActionMask = 2147483647;
			files = (
				AA0000000000000000003B /* PurseSecureFields in Frameworks */,
			);
			runOnlyForDeploymentPostprocessing = 0;
		};
/* End PBXFrameworksBuildPhase section */

/* Begin PBXGroup section */
		AA0000000000000000000D /* Products */ = {
			isa = PBXGroup;
			children = (
				AA0000000000000000000A /* Demo.app */,
				AA00000000000000000036 /* DemoTests.xctest */,
			);
			name = Products;
			sourceTree = "<group>";
		};
		AA0000000000000000000E = {
			isa = PBXGroup;
			children = (
				AA0000000000000000001A /* Sources */,
				AA0000000000000000001B /* Resources */,
				AA00000000000000000030 /* DemoTests */,
				AA0000000000000000000D /* Products */,
			);
			sourceTree = "<group>";
		};
		AA0000000000000000001A /* Sources */ = {
			isa = PBXGroup;
			children = (
				AA00000000000000000002 /* AppDelegate.swift */,
				AA00000000000000000004 /* DemoViewController.swift */,
				AA0000000000000000002A /* DemoViewController+Layout.swift */,
				AA0000000000000000002C /* DemoViewController+Delegate.swift */,
			);
			path = Sources;
			sourceTree = "<group>";
		};
		AA0000000000000000001B /* Resources */ = {
			isa = PBXGroup;
			children = (
				AA0000000000000000000B /* Info.plist */,
			);
			path = Resources;
			sourceTree = "<group>";
		};
		AA00000000000000000030 /* DemoTests */ = {
			isa = PBXGroup;
			children = (
				AA00000000000000000031 /* DemoIntegrationTests.swift */,
			);
			path = DemoTests;
			sourceTree = "<group>";
		};
/* End PBXGroup section */

/* Begin PBXNativeTarget section */
		AA0000000000000000000F /* Demo */ = {
			isa = PBXNativeTarget;
			buildConfigurationList = AA00000000000000000010 /* Build configuration list for PBXNativeTarget "Demo" */;
			buildPhases = (
				AA00000000000000000011 /* Sources */,
				AA0000000000000000000C /* Frameworks */,
				AA00000000000000000012 /* Resources */,
			);
			buildRules = (
			);
			dependencies = (
			);
			name = Demo;
			packageProductDependencies = (
				3C1B95BC2FD181C000E5108E /* PurseSecureFields */,
			);
			productName = Demo;
			productReference = AA0000000000000000000A /* Demo.app */;
			productType = "com.apple.product-type.application";
		};
		AA00000000000000000033 /* DemoTests */ = {
			isa = PBXNativeTarget;
			buildConfigurationList = AA00000000000000000039 /* Build configuration list for PBXNativeTarget "DemoTests" */;
			buildPhases = (
				AA00000000000000000034 /* Sources */,
				AA00000000000000000035 /* Frameworks */,
			);
			buildRules = (
			);
			dependencies = (
			);
			name = DemoTests;
			packageProductDependencies = (
				AA0000000000000000003A /* PurseSecureFields */,
			);
			productName = DemoTests;
			productReference = AA00000000000000000036 /* DemoTests.xctest */;
			productType = "com.apple.product-type.bundle.unit-test";
		};
/* End PBXNativeTarget section */

/* Begin PBXProject section */
		AA00000000000000000013 /* Project object */ = {
			isa = PBXProject;
			attributes = {
				BuildIndependentTargetsInParallel = 1;
				LastSwiftUpdateCheck = 1600;
				LastUpgradeCheck = 1600;
				TargetAttributes = {
					AA0000000000000000000F = {
						CreatedOnToolsVersion = 16.0;
					};
					AA00000000000000000033 = {
						CreatedOnToolsVersion = 16.0;
					};
				};
			};
			buildConfigurationList = AA00000000000000000014 /* Build configuration list for PBXProject "Demo" */;
			compatibilityVersion = "Xcode 14.0";
			developmentRegion = en;
			hasScannedForEncodings = 0;
			knownRegions = (
				en,
				Base,
			);
			mainGroup = AA0000000000000000000E;
			packageReferences = (
				3C1B95BB2FD181C000E5108E /* XCLocalSwiftPackageReference "../.." */,
			);
			productRefGroup = AA0000000000000000000D /* Products */;
			projectDirPath = "";
			projectRoot = "";
			targets = (
				AA0000000000000000000F /* Demo */,
				AA00000000000000000033 /* DemoTests */,
			);
		};
/* End PBXProject section */

/* Begin PBXResourcesBuildPhase section */
		AA00000000000000000012 /* Resources */ = {
			isa = PBXResourcesBuildPhase;
			buildActionMask = 2147483647;
			files = (
			);
			runOnlyForDeploymentPostprocessing = 0;
		};
/* End PBXResourcesBuildPhase section */

/* Begin PBXSourcesBuildPhase section */
		AA00000000000000000011 /* Sources */ = {
			isa = PBXSourcesBuildPhase;
			buildActionMask = 2147483647;
			files = (
				AA00000000000000000001 /* AppDelegate.swift in Sources */,
				AA00000000000000000003 /* DemoViewController.swift in Sources */,
				AA0000000000000000002B /* DemoViewController+Layout.swift in Sources */,
				AA0000000000000000002D /* DemoViewController+Delegate.swift in Sources */,
			);
			runOnlyForDeploymentPostprocessing = 0;
		};
		AA00000000000000000034 /* Sources */ = {
			isa = PBXSourcesBuildPhase;
			buildActionMask = 2147483647;
			files = (
				AA00000000000000000032 /* DemoIntegrationTests.swift in Sources */,
			);
			runOnlyForDeploymentPostprocessing = 0;
		};
/* End PBXSourcesBuildPhase section */

/* Begin XCBuildConfiguration section */
		AA00000000000000000016 /* Debug */ = {
			isa = XCBuildConfiguration;
			buildSettings = {
				CLANG_ENABLE_MODULES = YES;
				CLANG_ENABLE_OBJC_ARC = YES;
				COPY_PHASE_STRIP = NO;
				DEBUG_INFORMATION_FORMAT = dwarf;
				GCC_OPTIMIZATION_LEVEL = 0;
				GCC_PREPROCESSOR_DEFINITIONS = (
					"DEBUG=1",
					"$(inherited)",
				);
				IPHONEOS_DEPLOYMENT_TARGET = 16.0;
				ONLY_ACTIVE_ARCH = YES;
				SDKROOT = iphoneos;
				SWIFT_ACTIVE_COMPILATION_CONDITIONS = "DEBUG $(inherited)";
				SWIFT_OPTIMIZATION_LEVEL = "-Onone";
			};
			name = Debug;
		};
		AA00000000000000000017 /* Release */ = {
			isa = XCBuildConfiguration;
			buildSettings = {
				CLANG_ENABLE_MODULES = YES;
				CLANG_ENABLE_OBJC_ARC = YES;
				COPY_PHASE_STRIP = NO;
				DEBUG_INFORMATION_FORMAT = "dwarf-with-dsym";
				ENABLE_NS_ASSERTIONS = NO;
				IPHONEOS_DEPLOYMENT_TARGET = 16.0;
				SDKROOT = iphoneos;
				SWIFT_COMPILATION_MODE = wholemodule;
				VALIDATE_PRODUCT = YES;
			};
			name = Release;
		};
		AA00000000000000000018 /* Debug */ = {
			isa = XCBuildConfiguration;
			buildSettings = {
				CODE_SIGN_STYLE = Automatic;
				CURRENT_PROJECT_VERSION = 1;
				GENERATE_INFOPLIST_FILE = NO;
				INFOPLIST_FILE = Resources/Info.plist;
				IPHONEOS_DEPLOYMENT_TARGET = 16.0;
				LD_RUNPATH_SEARCH_PATHS = (
					"$(inherited)",
					"@executable_path/Frameworks",
				);
				MARKETING_VERSION = 1.0;
				PRODUCT_BUNDLE_IDENTIFIER = com.purse.securefields.demo;
				PRODUCT_NAME = "$(TARGET_NAME)";
				SWIFT_VERSION = 5.0;
				TARGETED_DEVICE_FAMILY = "1,2";
			};
			name = Debug;
		};
		AA00000000000000000019 /* Release */ = {
			isa = XCBuildConfiguration;
			buildSettings = {
				CODE_SIGN_STYLE = Automatic;
				CURRENT_PROJECT_VERSION = 1;
				GENERATE_INFOPLIST_FILE = NO;
				INFOPLIST_FILE = Resources/Info.plist;
				IPHONEOS_DEPLOYMENT_TARGET = 16.0;
				LD_RUNPATH_SEARCH_PATHS = (
					"$(inherited)",
					"@executable_path/Frameworks",
				);
				MARKETING_VERSION = 1.0;
				PRODUCT_BUNDLE_IDENTIFIER = com.purse.securefields.demo;
				PRODUCT_NAME = "$(TARGET_NAME)";
				SWIFT_VERSION = 5.0;
				TARGETED_DEVICE_FAMILY = "1,2";
			};
			name = Release;
		};
		AA00000000000000000037 /* Debug */ = {
			isa = XCBuildConfiguration;
			buildSettings = {
				CODE_SIGN_STYLE = Automatic;
				CURRENT_PROJECT_VERSION = 1;
				GENERATE_INFOPLIST_FILE = YES;
				IPHONEOS_DEPLOYMENT_TARGET = 16.0;
				MARKETING_VERSION = 1.0;
				PRODUCT_BUNDLE_IDENTIFIER = com.purse.securefields.demotests;
				PRODUCT_NAME = "$(TARGET_NAME)";
				SWIFT_ACTIVE_COMPILATION_CONDITIONS = "DEBUG $(inherited)";
				SWIFT_OPTIMIZATION_LEVEL = "-Onone";
				SWIFT_VERSION = 5.0;
				TARGETED_DEVICE_FAMILY = "1,2";
			};
			name = Debug;
		};
		AA00000000000000000038 /* Release */ = {
			isa = XCBuildConfiguration;
			buildSettings = {
				CODE_SIGN_STYLE = Automatic;
				CURRENT_PROJECT_VERSION = 1;
				GENERATE_INFOPLIST_FILE = YES;
				IPHONEOS_DEPLOYMENT_TARGET = 16.0;
				MARKETING_VERSION = 1.0;
				PRODUCT_BUNDLE_IDENTIFIER = com.purse.securefields.demotests;
				PRODUCT_NAME = "$(TARGET_NAME)";
				SWIFT_COMPILATION_MODE = wholemodule;
				SWIFT_VERSION = 5.0;
				TARGETED_DEVICE_FAMILY = "1,2";
				VALIDATE_PRODUCT = YES;
			};
			name = Release;
		};
/* End XCBuildConfiguration section */

/* Begin XCConfigurationList section */
		AA00000000000000000010 /* Build configuration list for PBXNativeTarget "Demo" */ = {
			isa = XCConfigurationList;
			buildConfigurations = (
				AA00000000000000000018 /* Debug */,
				AA00000000000000000019 /* Release */,
			);
			defaultConfigurationIsVisible = 0;
			defaultConfigurationName = Release;
		};
		AA00000000000000000014 /* Build configuration list for PBXProject "Demo" */ = {
			isa = XCConfigurationList;
			buildConfigurations = (
				AA00000000000000000016 /* Debug */,
				AA00000000000000000017 /* Release */,
			);
			defaultConfigurationIsVisible = 0;
			defaultConfigurationName = Release;
		};
		AA00000000000000000039 /* Build configuration list for PBXNativeTarget "DemoTests" */ = {
			isa = XCConfigurationList;
			buildConfigurations = (
				AA00000000000000000037 /* Debug */,
				AA00000000000000000038 /* Release */,
			);
			defaultConfigurationIsVisible = 0;
			defaultConfigurationName = Release;
		};
/* End XCConfigurationList section */

/* Begin XCLocalSwiftPackageReference section */
		3C1B95BB2FD181C000E5108E /* XCLocalSwiftPackageReference "../.." */ = {
			isa = XCLocalSwiftPackageReference;
			relativePath = "../..";
		};
/* End XCLocalSwiftPackageReference section */

/* Begin XCSwiftPackageProductDependency section */
		3C1B95BC2FD181C000E5108E /* PurseSecureFields */ = {
			isa = XCSwiftPackageProductDependency;
			productName = PurseSecureFields;
		};
		AA0000000000000000003A /* PurseSecureFields */ = {
			isa = XCSwiftPackageProductDependency;
			productName = PurseSecureFields;
		};
/* End XCSwiftPackageProductDependency section */
	};
	rootObject = AA00000000000000000013 /* Project object */;
}
