// !$*UTF8*$!
{
	archiveVersion = 1;
	classes = {
	};
	objectVersion = 60;
	objects = {

/* Begin PBXBuildFile section */
		3C1B95BD2FD181C000E5108E /* PurseSecureFields in Frameworks */ = {isa = PBXBuildFile; productRef = 3C1B95BC2FD181C000E5108E /* PurseSecureFields */; };
		3C1B95BE2FD181C000E5108E /* PurseSecureFields in Embed Frameworks */ = {isa = PBXBuildFile; productRef = 3C1B95BC2FD181C000E5108E /* PurseSecureFields */; settings = {ATTRIBUTES = (CodeSignOnCopy, RemoveHeadersOnCopy, ); }; };
		AA00000000000000000001 /* AppDelegate.swift in Sources */ = {isa = PBXBuildFile; fileRef = AA00000000000000000002 /* AppDelegate.swift */; };
		AA00000000000000000003 /* DemoViewController.swift in Sources */ = {isa = PBXBuildFile; fileRef = AA00000000000000000004 /* DemoViewController.swift */; };
		AA0000000000000000002B /* DemoViewController+Layout.swift in Sources */ = {isa = PBXBuildFile; fileRef = AA0000000000000000002A /* DemoViewController+Layout.swift */; };
		AA0000000000000000002D /* DemoViewController+Delegate.swift in Sources */ = {isa = PBXBuildFile; fileRef = AA0000000000000000002C /* DemoViewController+Delegate.swift */; };
		AA0000000000000000004C /* MockURLProtocol.swift in Sources */ = {isa = PBXBuildFile; fileRef = AA00000000000000000050 /* MockURLProtocol.swift */; };
		AA0000000000000000004D /* DemoUITests.swift in Sources */ = {isa = PBXBuildFile; fileRef = AA0000000000000000004F /* DemoUITests.swift */; };
		AA000000000000000000A0 /* BugBaseViewController.swift in Sources */ = {isa = PBXBuildFile; fileRef = AA00000000000000000060 /* BugBaseViewController.swift */; };
		AA000000000000000000A1 /* EventLogView.swift in Sources */ = {isa = PBXBuildFile; fileRef = AA00000000000000000061 /* EventLogView.swift */; };
		AA000000000000000000A2 /* FieldScripting.swift in Sources */ = {isa = PBXBuildFile; fileRef = AA00000000000000000062 /* FieldScripting.swift */; };
		AA000000000000000000A3 /* MockScenarios.swift in Sources */ = {isa = PBXBuildFile; fileRef = AA00000000000000000063 /* MockScenarios.swift */; };
		AA000000000000000000A4 /* SecureFieldsDelegateDefaults.swift in Sources */ = {isa = PBXBuildFile; fileRef = AA00000000000000000064 /* SecureFieldsDelegateDefaults.swift */; };
		AA000000000000000000A5 /* BugCatalog.swift in Sources */ = {isa = PBXBuildFile; fileRef = AA00000000000000000065 /* BugCatalog.swift */; };
		AA000000000000000000A6 /* BugListViewController.swift in Sources */ = {isa = PBXBuildFile; fileRef = AA00000000000000000066 /* BugListViewController.swift */; };
		AA000000000000000000A7 /* Bug01ExpiryCalendarViewController.swift in Sources */ = {isa = PBXBuildFile; fileRef = AA00000000000000000067 /* Bug01ExpiryCalendarViewController.swift */; };
		AA000000000000000000A8 /* Bug02OneyLengthViewController.swift in Sources */ = {isa = PBXBuildFile; fileRef = AA00000000000000000068 /* Bug02OneyLengthViewController.swift */; };
		AA000000000000000000A9 /* Bug03BirthDateLocaleViewController.swift in Sources */ = {isa = PBXBuildFile; fileRef = AA00000000000000000069 /* Bug03BirthDateLocaleViewController.swift */; };
		AA000000000000000000AA /* Bug04BirthDatePrefillViewController.swift in Sources */ = {isa = PBXBuildFile; fileRef = AA0000000000000000006A /* Bug04BirthDatePrefillViewController.swift */; };
		AA000000000000000000AB /* Bug05NetworkFallbackViewController.swift in Sources */ = {isa = PBXBuildFile; fileRef = AA0000000000000000006B /* Bug05NetworkFallbackViewController.swift */; };
		AA000000000000000000AC /* Bug06CursorJumpViewController.swift in Sources */ = {isa = PBXBuildFile; fileRef = AA0000000000000000006C /* Bug06CursorJumpViewController.swift */; };
		AA000000000000000000AD /* Bug07MissingInvalidationViewController.swift in Sources */ = {isa = PBXBuildFile; fileRef = AA0000000000000000006D /* Bug07MissingInvalidationViewController.swift */; };
		AA000000000000000000AE /* Bug08BrandOverrideViewController.swift in Sources */ = {isa = PBXBuildFile; fileRef = AA0000000000000000006E /* Bug08BrandOverrideViewController.swift */; };
		AA000000000000000000AF /* Bug09StaleStateViewController.swift in Sources */ = {isa = PBXBuildFile; fileRef = AA0000000000000000006F /* Bug09StaleStateViewController.swift */; };
		AA000000000000000000B0 /* Bug10DuplicateEventsViewController.swift in Sources */ = {isa = PBXBuildFile; fileRef = AA00000000000000000070 /* Bug10DuplicateEventsViewController.swift */; };
		AA00000000000000000201 /* Bug11ObserverLeakViewController.swift in Sources */ = {isa = PBXBuildFile; fileRef = AA00000000000000000101 /* Bug11ObserverLeakViewController.swift */; };
		AA00000000000000000202 /* Bug12RepeatedBinLookupViewController.swift in Sources */ = {isa = PBXBuildFile; fileRef = AA00000000000000000102 /* Bug12RepeatedBinLookupViewController.swift */; };
		AA00000000000000000203 /* Bug13FakeSuccessViewController.swift in Sources */ = {isa = PBXBuildFile; fileRef = AA00000000000000000103 /* Bug13FakeSuccessViewController.swift */; };
/* End PBXBuildFile section */

/* Begin PBXContainerItemProxy section */
		AA00000000000000000058 /* PBXContainerItemProxy */ = {
			isa = PBXContainerItemProxy;
			containerPortal = AA00000000000000000013 /* Project object */;
			proxyType = 1;
			remoteGlobalIDString = AA0000000000000000000F;
			remoteInfo = Demo;
		};
/* End PBXContainerItemProxy section */

/* Begin PBXCopyFilesBuildPhase section */
		3C1B95BF2FD181C000E5108E /* Embed Frameworks */ = {
			isa = PBXCopyFilesBuildPhase;
			buildActionMask = 2147483647;
			dstPath = "";
			dstSubfolderSpec = 10;
			files = (
				3C1B95BE2FD181C000E5108E /* PurseSecureFields in Embed Frameworks */,
			);
			name = "Embed Frameworks";
			runOnlyForDeploymentPostprocessing = 0;
		};
/* End PBXCopyFilesBuildPhase section */

/* Begin PBXFileReference section */
		AA00000000000000000002 /* AppDelegate.swift */ = {isa = PBXFileReference; lastKnownFileType = sourcecode.swift; path = AppDelegate.swift; sourceTree = "<group>"; };
		AA00000000000000000004 /* DemoViewController.swift */ = {isa = PBXFileReference; lastKnownFileType = sourcecode.swift; path = DemoViewController.swift; sourceTree = "<group>"; };
		AA0000000000000000000A /* Demo.app */ = {isa = PBXFileReference; explicitFileType = wrapper.application; includeInIndex = 0; path = Demo.app; sourceTree = BUILT_PRODUCTS_DIR; };
		AA0000000000000000000B /* Info.plist */ = {isa = PBXFileReference; lastKnownFileType = text.plist.xml; path = Info.plist; sourceTree = "<group>"; };
		AA0000000000000000002A /* DemoViewController+Layout.swift */ = {isa = PBXFileReference; lastKnownFileType = sourcecode.swift; path = "DemoViewController+Layout.swift"; sourceTree = "<group>"; };
		AA0000000000000000002C /* DemoViewController+Delegate.swift */ = {isa = PBXFileReference; lastKnownFileType = sourcecode.swift; path = "DemoViewController+Delegate.swift"; sourceTree = "<group>"; };
		AA0000000000000000004E /* DemoUITests.xctest */ = {isa = PBXFileReference; explicitFileType = wrapper.cfbundle; includeInIndex = 0; path = DemoUITests.xctest; sourceTree = BUILT_PRODUCTS_DIR; };
		AA0000000000000000004F /* DemoUITests.swift */ = {isa = PBXFileReference; lastKnownFileType = sourcecode.swift; path = DemoUITests.swift; sourceTree = "<group>"; };
		AA00000000000000000050 /* MockURLProtocol.swift */ = {isa = PBXFileReference; lastKnownFileType = sourcecode.swift; path = MockURLProtocol.swift; sourceTree = "<group>"; };
		AA00000000000000000060 /* BugBaseViewController.swift */ = {isa = PBXFileReference; lastKnownFileType = sourcecode.swift; path = BugBaseViewController.swift; sourceTree = "<group>"; };
		AA00000000000000000061 /* EventLogView.swift */ = {isa = PBXFileReference; lastKnownFileType = sourcecode.swift; path = EventLogView.swift; sourceTree = "<group>"; };
		AA00000000000000000062 /* FieldScripting.swift */ = {isa = PBXFileReference; lastKnownFileType = sourcecode.swift; path = FieldScripting.swift; sourceTree = "<group>"; };
		AA00000000000000000063 /* MockScenarios.swift */ = {isa = PBXFileReference; lastKnownFileType = sourcecode.swift; path = MockScenarios.swift; sourceTree = "<group>"; };
		AA00000000000000000064 /* SecureFieldsDelegateDefaults.swift */ = {isa = PBXFileReference; lastKnownFileType = sourcecode.swift; path = SecureFieldsDelegateDefaults.swift; sourceTree = "<group>"; };
		AA00000000000000000065 /* BugCatalog.swift */ = {isa = PBXFileReference; lastKnownFileType = sourcecode.swift; path = BugCatalog.swift; sourceTree = "<group>"; };
		AA00000000000000000066 /* BugListViewController.swift */ = {isa = PBXFileReference; lastKnownFileType = sourcecode.swift; path = BugListViewController.swift; sourceTree = "<group>"; };
		AA00000000000000000067 /* Bug01ExpiryCalendarViewController.swift */ = {isa = PBXFileReference; lastKnownFileType = sourcecode.swift; path = Bug01ExpiryCalendarViewController.swift; sourceTree = "<group>"; };
		AA00000000000000000068 /* Bug02OneyLengthViewController.swift */ = {isa = PBXFileReference; lastKnownFileType = sourcecode.swift; path = Bug02OneyLengthViewController.swift; sourceTree = "<group>"; };
		AA00000000000000000069 /* Bug03BirthDateLocaleViewController.swift */ = {isa = PBXFileReference; lastKnownFileType = sourcecode.swift; path = Bug03BirthDateLocaleViewController.swift; sourceTree = "<group>"; };
		AA0000000000000000006A /* Bug04BirthDatePrefillViewController.swift */ = {isa = PBXFileReference; lastKnownFileType = sourcecode.swift; path = Bug04BirthDatePrefillViewController.swift; sourceTree = "<group>"; };
		AA0000000000000000006B /* Bug05NetworkFallbackViewController.swift */ = {isa = PBXFileReference; lastKnownFileType = sourcecode.swift; path = Bug05NetworkFallbackViewController.swift; sourceTree = "<group>"; };
		AA0000000000000000006C /* Bug06CursorJumpViewController.swift */ = {isa = PBXFileReference; lastKnownFileType = sourcecode.swift; path = Bug06CursorJumpViewController.swift; sourceTree = "<group>"; };
		AA0000000000000000006D /* Bug07MissingInvalidationViewController.swift */ = {isa = PBXFileReference; lastKnownFileType = sourcecode.swift; path = Bug07MissingInvalidationViewController.swift; sourceTree = "<group>"; };
		AA0000000000000000006E /* Bug08BrandOverrideViewController.swift */ = {isa = PBXFileReference; lastKnownFileType = sourcecode.swift; path = Bug08BrandOverrideViewController.swift; sourceTree = "<group>"; };
		AA0000000000000000006F /* Bug09StaleStateViewController.swift */ = {isa = PBXFileReference; lastKnownFileType = sourcecode.swift; path = Bug09StaleStateViewController.swift; sourceTree = "<group>"; };
		AA00000000000000000070 /* Bug10DuplicateEventsViewController.swift */ = {isa = PBXFileReference; lastKnownFileType = sourcecode.swift; path = Bug10DuplicateEventsViewController.swift; sourceTree = "<group>"; };
		AA00000000000000000101 /* Bug11ObserverLeakViewController.swift */ = {isa = PBXFileReference; lastKnownFileType = sourcecode.swift; path = Bug11ObserverLeakViewController.swift; sourceTree = "<group>"; };
		AA00000000000000000102 /* Bug12RepeatedBinLookupViewController.swift */ = {isa = PBXFileReference; lastKnownFileType = sourcecode.swift; path = Bug12RepeatedBinLookupViewController.swift; sourceTree = "<group>"; };
		AA00000000000000000103 /* Bug13FakeSuccessViewController.swift */ = {isa = PBXFileReference; lastKnownFileType = sourcecode.swift; path = Bug13FakeSuccessViewController.swift; sourceTree = "<group>"; };
/* End PBXFileReference section */

/* Begin PBXFrameworksBuildPhase section */
		AA0000000000000000000C /* Frameworks */ = {
			isa = PBXFrameworksBuildPhase;
			buildActionMask = 2147483647;
			files = (
				3C1B95BD2FD181C000E5108E /* PurseSecureFields in Frameworks */,
			);
			runOnlyForDeploymentPostprocessing = 0;
		};
		AA00000000000000000054 /* Frameworks */ = {
			isa = PBXFrameworksBuildPhase;
			buildActionMask = 2147483647;
			files = (
			);
			runOnlyForDeploymentPostprocessing = 0;
		};
/* End PBXFrameworksBuildPhase section */

/* Begin PBXGroup section */
		AA0000000000000000000D /* Products */ = {
			isa = PBXGroup;
			children = (
				AA0000000000000000000A /* Demo.app */,
				AA0000000000000000004E /* DemoUITests.xctest */,
			);
			name = Products;
			sourceTree = "<group>";
		};
		AA0000000000000000000E = {
			isa = PBXGroup;
			children = (
				AA0000000000000000001A /* Sources */,
				AA0000000000000000001B /* Resources */,
				AA00000000000000000051 /* DemoUITests */,
				AA0000000000000000000D /* Products */,
			);
			sourceTree = "<group>";
		};
		AA0000000000000000001A /* Sources */ = {
			isa = PBXGroup;
			children = (
				AA00000000000000000002 /* AppDelegate.swift */,
				AA00000000000000000004 /* DemoViewController.swift */,
				AA0000000000000000002A /* DemoViewController+Layout.swift */,
				AA0000000000000000002C /* DemoViewController+Delegate.swift */,
				AA00000000000000000050 /* MockURLProtocol.swift */,
				AA00000000000000000071 /* BugGallery */,
			);
			path = Sources;
			sourceTree = "<group>";
		};
		AA0000000000000000001B /* Resources */ = {
			isa = PBXGroup;
			children = (
				AA0000000000000000000B /* Info.plist */,
			);
			path = Resources;
			sourceTree = "<group>";
		};
		AA00000000000000000051 /* DemoUITests */ = {
			isa = PBXGroup;
			children = (
				AA0000000000000000004F /* DemoUITests.swift */,
			);
			path = DemoUITests;
			sourceTree = "<group>";
		};
		AA00000000000000000071 /* BugGallery */ = {
			isa = PBXGroup;
			children = (
				AA00000000000000000060 /* BugBaseViewController.swift */,
				AA00000000000000000061 /* EventLogView.swift */,
				AA00000000000000000062 /* FieldScripting.swift */,
				AA00000000000000000063 /* MockScenarios.swift */,
				AA00000000000000000064 /* SecureFieldsDelegateDefaults.swift */,
				AA00000000000000000065 /* BugCatalog.swift */,
				AA00000000000000000066 /* BugListViewController.swift */,
				AA00000000000000000067 /* Bug01ExpiryCalendarViewController.swift */,
				AA00000000000000000068 /* Bug02OneyLengthViewController.swift */,
				AA00000000000000000069 /* Bug03BirthDateLocaleViewController.swift */,
				AA0000000000000000006A /* Bug04BirthDatePrefillViewController.swift */,
				AA0000000000000000006B /* Bug05NetworkFallbackViewController.swift */,
				AA0000000000000000006C /* Bug06CursorJumpViewController.swift */,
				AA0000000000000000006D /* Bug07MissingInvalidationViewController.swift */,
				AA0000000000000000006E /* Bug08BrandOverrideViewController.swift */,
				AA0000000000000000006F /* Bug09StaleStateViewController.swift */,
				AA00000000000000000070 /* Bug10DuplicateEventsViewController.swift */,
				AA00000000000000000101 /* Bug11ObserverLeakViewController.swift */,
				AA00000000000000000102 /* Bug12RepeatedBinLookupViewController.swift */,
				AA00000000000000000103 /* Bug13FakeSuccessViewController.swift */,
			);
			path = BugGallery;
			sourceTree = "<group>";
		};
/* End PBXGroup section */

/* Begin PBXNativeTarget section */
		AA0000000000000000000F /* Demo */ = {
			isa = PBXNativeTarget;
			buildConfigurationList = AA00000000000000000010 /* Build configuration list for PBXNativeTarget "Demo" */;
			buildPhases = (
				AA00000000000000000011 /* Sources */,
				AA0000000000000000000C /* Frameworks */,
				AA00000000000000000012 /* Resources */,
				3C1B95BF2FD181C000E5108E /* Embed Frameworks */,
			);
			buildRules = (
			);
			dependencies = (
			);
			name = Demo;
			packageProductDependencies = (
				3C1B95BC2FD181C000E5108E /* PurseSecureFields */,
			);
			productName = Demo;
			productReference = AA0000000000000000000A /* Demo.app */;
			productType = "com.apple.product-type.application";
		};
		AA00000000000000000052 /* DemoUITests */ = {
			isa = PBXNativeTarget;
			buildConfigurationList = AA00000000000000000057 /* Build configuration list for PBXNativeTarget "DemoUITests" */;
			buildPhases = (
				AA00000000000000000053 /* Sources */,
				AA00000000000000000054 /* Frameworks */,
			);
			buildRules = (
			);
			dependencies = (
				AA00000000000000000059 /* PBXTargetDependency */,
			);
			name = DemoUITests;
			productName = DemoUITests;
			productReference = AA0000000000000000004E /* DemoUITests.xctest */;
			productType = "com.apple.product-type.bundle.ui-testing";
		};
/* End PBXNativeTarget section */

/* Begin PBXProject section */
		AA00000000000000000013 /* Project object */ = {
			isa = PBXProject;
			attributes = {
				BuildIndependentTargetsInParallel = 1;
				LastSwiftUpdateCheck = 1600;
				LastUpgradeCheck = 1600;
				TargetAttributes = {
					AA0000000000000000000F = {
						CreatedOnToolsVersion = 16.0;
					};
					AA00000000000000000052 = {
						CreatedOnToolsVersion = 16.0;
						TestTargetID = AA0000000000000000000F;
					};
				};
			};
			buildConfigurationList = AA00000000000000000014 /* Build configuration list for PBXProject "Demo" */;
			compatibilityVersion = "Xcode 14.0";
			developmentRegion = en;
			hasScannedForEncodings = 0;
			knownRegions = (
				en,
				Base,
			);
			mainGroup = AA0000000000000000000E;
			packageReferences = (
				3C1B95BB2FD181C000E5108E /* XCLocalSwiftPackageReference ".." */,
			);
			productRefGroup = AA0000000000000000000D /* Products */;
			projectDirPath = "";
			projectRoot = "";
			targets = (
				AA0000000000000000000F /* Demo */,
				AA00000000000000000052 /* DemoUITests */,
			);
		};
/* End PBXProject section */

/* Begin PBXResourcesBuildPhase section */
		AA00000000000000000012 /* Resources */ = {
			isa = PBXResourcesBuildPhase;
			buildActionMask = 2147483647;
			files = (
			);
			runOnlyForDeploymentPostprocessing = 0;
		};
/* End PBXResourcesBuildPhase section */

/* Begin PBXSourcesBuildPhase section */
		AA00000000000000000011 /* Sources */ = {
			isa = PBXSourcesBuildPhase;
			buildActionMask = 2147483647;
			files = (
				AA00000000000000000001 /* AppDelegate.swift in Sources */,
				AA00000000000000000003 /* DemoViewController.swift in Sources */,
				AA0000000000000000002B /* DemoViewController+Layout.swift in Sources */,
				AA0000000000000000002D /* DemoViewController+Delegate.swift in Sources */,
				AA0000000000000000004C /* MockURLProtocol.swift in Sources */,
				AA000000000000000000A0 /* BugBaseViewController.swift in Sources */,
				AA000000000000000000A1 /* EventLogView.swift in Sources */,
				AA000000000000000000A2 /* FieldScripting.swift in Sources */,
				AA000000000000000000A3 /* MockScenarios.swift in Sources */,
				AA000000000000000000A4 /* SecureFieldsDelegateDefaults.swift in Sources */,
				AA000000000000000000A5 /* BugCatalog.swift in Sources */,
				AA000000000000000000A6 /* BugListViewController.swift in Sources */,
				AA000000000000000000A7 /* Bug01ExpiryCalendarViewController.swift in Sources */,
				AA000000000000000000A8 /* Bug02OneyLengthViewController.swift in Sources */,
				AA000000000000000000A9 /* Bug03BirthDateLocaleViewController.swift in Sources */,
				AA000000000000000000AA /* Bug04BirthDatePrefillViewController.swift in Sources */,
				AA000000000000000000AB /* Bug05NetworkFallbackViewController.swift in Sources */,
				AA000000000000000000AC /* Bug06CursorJumpViewController.swift in Sources */,
				AA000000000000000000AD /* Bug07MissingInvalidationViewController.swift in Sources */,
				AA000000000000000000AE /* Bug08BrandOverrideViewController.swift in Sources */,
				AA000000000000000000AF /* Bug09StaleStateViewController.swift in Sources */,
				AA000000000000000000B0 /* Bug10DuplicateEventsViewController.swift in Sources */,
				AA00000000000000000201 /* Bug11ObserverLeakViewController.swift in Sources */,
				AA00000000000000000202 /* Bug12RepeatedBinLookupViewController.swift in Sources */,
				AA00000000000000000203 /* Bug13FakeSuccessViewController.swift in Sources */,
			);
			runOnlyForDeploymentPostprocessing = 0;
		};
		AA00000000000000000053 /* Sources */ = {
			isa = PBXSourcesBuildPhase;
			buildActionMask = 2147483647;
			files = (
				AA0000000000000000004D /* DemoUITests.swift in Sources */,
			);
			runOnlyForDeploymentPostprocessing = 0;
		};
/* End PBXSourcesBuildPhase section */

/* Begin PBXTargetDependency section */
		AA00000000000000000059 /* PBXTargetDependency */ = {
			isa = PBXTargetDependency;
			target = AA0000000000000000000F /* Demo */;
			targetProxy = AA00000000000000000058 /* PBXContainerItemProxy */;
		};
/* End PBXTargetDependency section */

/* Begin XCBuildConfiguration section */
		AA00000000000000000016 /* Debug */ = {
			isa = XCBuildConfiguration;
			buildSettings = {
				CLANG_ENABLE_MODULES = YES;
				CLANG_ENABLE_OBJC_ARC = YES;
				COPY_PHASE_STRIP = NO;
				DEBUG_INFORMATION_FORMAT = dwarf;
				GCC_OPTIMIZATION_LEVEL = 0;
				GCC_PREPROCESSOR_DEFINITIONS = (
					"DEBUG=1",
					"$(inherited)",
				);
				IPHONEOS_DEPLOYMENT_TARGET = 16.0;
				ONLY_ACTIVE_ARCH = YES;
				SDKROOT = iphoneos;
				SWIFT_ACTIVE_COMPILATION_CONDITIONS = "DEBUG $(inherited)";
				SWIFT_OPTIMIZATION_LEVEL = "-Onone";
			};
			name = Debug;
		};
		AA00000000000000000017 /* Release */ = {
			isa = XCBuildConfiguration;
			buildSettings = {
				CLANG_ENABLE_MODULES = YES;
				CLANG_ENABLE_OBJC_ARC = YES;
				COPY_PHASE_STRIP = NO;
				DEBUG_INFORMATION_FORMAT = "dwarf-with-dsym";
				ENABLE_NS_ASSERTIONS = NO;
				IPHONEOS_DEPLOYMENT_TARGET = 16.0;
				SDKROOT = iphoneos;
				SWIFT_COMPILATION_MODE = wholemodule;
				VALIDATE_PRODUCT = YES;
			};
			name = Release;
		};
		AA00000000000000000018 /* Debug */ = {
			isa = XCBuildConfiguration;
			buildSettings = {
				CODE_SIGN_STYLE = Automatic;
				CURRENT_PROJECT_VERSION = 1;
				GENERATE_INFOPLIST_FILE = NO;
				INFOPLIST_FILE = Resources/Info.plist;
				IPHONEOS_DEPLOYMENT_TARGET = 16.0;
				LD_RUNPATH_SEARCH_PATHS = (
					"$(inherited)",
					"@executable_path/Frameworks",
				);
				MARKETING_VERSION = 1.0;
				PRODUCT_BUNDLE_IDENTIFIER = com.purse.securefields.demo;
				PRODUCT_NAME = "$(TARGET_NAME)";
				SWIFT_VERSION = 5.0;
				TARGETED_DEVICE_FAMILY = "1,2";
			};
			name = Debug;
		};
		AA00000000000000000019 /* Release */ = {
			isa = XCBuildConfiguration;
			buildSettings = {
				CODE_SIGN_STYLE = Automatic;
				CURRENT_PROJECT_VERSION = 1;
				GENERATE_INFOPLIST_FILE = NO;
				INFOPLIST_FILE = Resources/Info.plist;
				IPHONEOS_DEPLOYMENT_TARGET = 16.0;
				LD_RUNPATH_SEARCH_PATHS = (
					"$(inherited)",
					"@executable_path/Frameworks",
				);
				MARKETING_VERSION = 1.0;
				PRODUCT_BUNDLE_IDENTIFIER = com.purse.securefields.demo;
				PRODUCT_NAME = "$(TARGET_NAME)";
				SWIFT_VERSION = 5.0;
				TARGETED_DEVICE_FAMILY = "1,2";
			};
			name = Release;
		};
		AA00000000000000000055 /* Debug */ = {
			isa = XCBuildConfiguration;
			buildSettings = {
				CODE_SIGN_STYLE = Automatic;
				CURRENT_PROJECT_VERSION = 1;
				GENERATE_INFOPLIST_FILE = YES;
				IPHONEOS_DEPLOYMENT_TARGET = 16.0;
				MARKETING_VERSION = 1.0;
				PRODUCT_BUNDLE_IDENTIFIER = com.purse.securefields.demoutests;
				PRODUCT_NAME = "$(TARGET_NAME)";
				SWIFT_ACTIVE_COMPILATION_CONDITIONS = "DEBUG $(inherited)";
				SWIFT_OPTIMIZATION_LEVEL = "-Onone";
				SWIFT_VERSION = 5.0;
				TARGETED_DEVICE_FAMILY = "1,2";
				TEST_TARGET_NAME = Demo;
			};
			name = Debug;
		};
		AA00000000000000000056 /* Release */ = {
			isa = XCBuildConfiguration;
			buildSettings = {
				CODE_SIGN_STYLE = Automatic;
				CURRENT_PROJECT_VERSION = 1;
				GENERATE_INFOPLIST_FILE = YES;
				IPHONEOS_DEPLOYMENT_TARGET = 16.0;
				MARKETING_VERSION = 1.0;
				PRODUCT_BUNDLE_IDENTIFIER = com.purse.securefields.demoutests;
				PRODUCT_NAME = "$(TARGET_NAME)";
				SWIFT_COMPILATION_MODE = wholemodule;
				SWIFT_VERSION = 5.0;
				TARGETED_DEVICE_FAMILY = "1,2";
				TEST_TARGET_NAME = Demo;
				VALIDATE_PRODUCT = YES;
			};
			name = Release;
		};
/* End XCBuildConfiguration section */

/* Begin XCConfigurationList section */
		AA00000000000000000010 /* Build configuration list for PBXNativeTarget "Demo" */ = {
			isa = XCConfigurationList;
			buildConfigurations = (
				AA00000000000000000018 /* Debug */,
				AA00000000000000000019 /* Release */,
			);
			defaultConfigurationIsVisible = 0;
			defaultConfigurationName = Release;
		};
		AA00000000000000000014 /* Build configuration list for PBXProject "Demo" */ = {
			isa = XCConfigurationList;
			buildConfigurations = (
				AA00000000000000000016 /* Debug */,
				AA00000000000000000017 /* Release */,
			);
			defaultConfigurationIsVisible = 0;
			defaultConfigurationName = Release;
		};
		AA00000000000000000057 /* Build configuration list for PBXNativeTarget "DemoUITests" */ = {
			isa = XCConfigurationList;
			buildConfigurations = (
				AA00000000000000000055 /* Debug */,
				AA00000000000000000056 /* Release */,
			);
			defaultConfigurationIsVisible = 0;
			defaultConfigurationName = Release;
		};
/* End XCConfigurationList section */

/* Begin XCLocalSwiftPackageReference section */
		3C1B95BB2FD181C000E5108E /* XCLocalSwiftPackageReference ".." */ = {
			isa = XCLocalSwiftPackageReference;
			relativePath = ..;
		};
/* End XCLocalSwiftPackageReference section */

/* Begin XCSwiftPackageProductDependency section */
		3C1B95BC2FD181C000E5108E /* PurseSecureFields */ = {
			isa = XCSwiftPackageProductDependency;
			package = 3C1B95BB2FD181C000E5108E /* XCLocalSwiftPackageReference ".." */;
			productName = PurseSecureFields;
		};
/* End XCSwiftPackageProductDependency section */
	};
	rootObject = AA00000000000000000013 /* Project object */;
}
